# THIS IS AN AUTOGENERATED FILE. DO NOT EDIT THIS FILE DIRECTLY.
# yarn lockfile v1


deep-equal@~0.0.0:
  version "0.0.0"
  resolved "https://registry.npmjs.org/deep-equal/-/deep-equal-0.0.0.tgz#99679d3bbd047156fcd450d3d01eeb9068691e83"
  integrity sha1-mWedO70EcVb81FDT0B7rkGhpHoM=

defined@~0.0.0:
  version "0.0.0"
  resolved "https://registry.npmjs.org/defined/-/defined-0.0.0.tgz#f35eea7d705e933baf13b2f03b3f83d921403b3e"
  integrity sha1-817qfXBekzuvE7LwOz+D2SFAOz4=

element@^0.1.4:
  version "0.1.4"
  resolved "https://registry.npmjs.org/element/-/element-0.1.4.tgz#1642279061328a574a692e0e5184e62c180a6685"
  integrity sha1-FkInkGEyildKaS4OUYTmLBgKZoU=
  dependencies:
    ent "0.0.5"
    global "~2.0.7"
    lru-cache "~2.3.0"

ent@0.0.5:
  version "0.0.5"
  resolved "https://registry.npmjs.org/ent/-/ent-0.0.5.tgz#98b4498d8a89d7b8d78af7aaa0714675783c7b4e"
  integrity sha1-mLRJjYqJ17jXiveqoHFGdXg8e04=

global@~2.0.7:
  version "2.0.7"
  resolved "https://registry.npmjs.org/global/-/global-2.0.7.tgz#d43a9c3d1ec7915f645d8e0eb0ac60010e9e06cd"
  integrity sha1-1DqcPR7HkV9kXY4OsKxgAQ6eBs0=
  dependencies:
    min-document "~0.2.2"
    process "~0.5.1"

jsonify@~0.0.0:
  version "0.0.0"
  resolved "https://registry.npmjs.org/jsonify/-/jsonify-0.0.0.tgz#2c74b6ee41d93ca51b7b5aaee8f503631d252a73"
  integrity sha1-LHS27kHZPKUbe1qu6PUDYx0lKnM=

lodash@^4.17.21:
  version "4.17.21"
  resolved "https://registry.npmjs.org/lodash/-/lodash-4.17.21.tgz#679591c564c3bffaae8454cf0b3df370c3d6911c"
  integrity sha512-v2kDEe57lecTulaDIuNTPy3Ry4gLGJ6Z1O3vE1krgXZNrsQ+LFTGHVxVjcXPs17LhbZVGedAJv8XZ1tvj5FvSg==

lru-cache@~2.3.0:
  version "2.3.1"
  resolved "https://registry.npmjs.org/lru-cache/-/lru-cache-2.3.1.tgz#b3adf6b3d856e954e2c390e6cef22081245a53d6"
  integrity sha1-s632s9hW6VTiw5DmzvIggSRaU9Y=

min-document@~0.2.2:
  version "0.2.8"
  resolved "https://registry.npmjs.org/min-document/-/min-document-0.2.8.tgz#f3620cf5603611155cb9416d0ab5576b16d53de3"
  integrity sha1-82IM9WA2ERVcuUFtCrVXaxbVPeM=
  dependencies:
    tape "~1.0.2"

process@~0.5.1:
  version "0.5.2"
  resolved "https://registry.npmjs.org/process/-/process-0.5.2.tgz#1638d8a8e34c2f440a91db95ab9aeb677fc185cf"
  integrity sha1-FjjYqONML0QKkduVq5rrZ3/Bhc8=

tape@~1.0.2:
  version "1.0.4"
  resolved "https://registry.npmjs.org/tape/-/tape-1.0.4.tgz#e2e8e5c6dd3f00fdc2a5e4514f62fc221e59f9c4"
  integrity sha1-4ujlxt0/AP3CpeRRT2L8Ih5Z+cQ=
  dependencies:
    deep-equal "~0.0.0"
    defined "~0.0.0"
    jsonify "~0.0.0"
    through "~2.3.4"

through@~2.3.4:
  version "2.3.8"
  resolved "https://registry.npmjs.org/through/-/through-2.3.8.tgz#0dd4c9ffaabc357960b1b724115d7e0e86a2e1f5"
  integrity sha1-DdTJ/6q8NXlgsbckEV1+Doai4fU=
